
Microsoft Visual Studio Solution File, Format Version 12.00
# Visual Studio Version 16
VisualStudioVersion = 16.0.31229.75
MinimumVisualStudioVersion = 10.0.40219.1
Project("{FAE04EC0-301F-11D3-BF4B-00C04F79EFBC}") = "ICRMultiMediaPlayer", "ICRMultiMediaPlayer\ICRMultiMediaPlayer.csproj", "{EF11DEB7-441C-4780-9C47-5B7A5100D318}"
EndProject
Global
	GlobalSection(SolutionConfigurationPlatforms) = preSolution
		Debug|Any CPU = Debug|Any CPU
		Release|Any CPU = Release|Any CPU
	EndGlobalSection
	GlobalSection(ProjectConfigurationPlatforms) = postSolution
		{EF11DEB7-441C-4780-9C47-5B7A5100D318}.Debug|Any CPU.ActiveCfg = Debug|Any CPU
		{EF11DEB7-441C-4780-9C47-5B7A5100D318}.Debug|Any CPU.Build.0 = Debug|Any CPU
		{EF11DEB7-441C-4780-9C47-5B7A5100D318}.Release|Any CPU.ActiveCfg = Release|Any CPU
		{EF11DEB7-441C-4780-9C47-5B7A5100D318}.Release|Any CPU.Build.0 = Release|Any CPU
	EndGlobalSection
	GlobalSection(SolutionProperties) = preSolution
		HideSolutionNode = FALSE
	EndGlobalSection
	GlobalSection(ExtensibilityGlobals) = postSolution
		SolutionGuid = {3DB7E1AB-0BC2-4F4E-82D8-9653C2A0401A}
	EndGlobalSection
EndGlobal
